
Microsoft Visual Studio Solution File, Format Version 12.00
# Visual Studio Version 16
VisualStudioVersion = 16.0.29025.244
MinimumVisualStudioVersion = 10.0.40219.1
Project("{FAE04EC0-301F-11D3-BF4B-00C04F79EFBC}") = "Bot_Net", "Bot_Net\Bot_Net.csproj", "{F317EE62-DC96-4867-A7F7-943C16EE18AB}"
EndProject
Global
	GlobalSection(SolutionConfigurationPlatforms) = preSolution
		Debug|Any CPU = Debug|Any CPU
		Release|Any CPU = Release|Any CPU
	EndGlobalSection
	GlobalSection(ProjectConfigurationPlatforms) = postSolution
		{F317EE62-DC96-4867-A7F7-943C16EE18AB}.Debug|Any CPU.ActiveCfg = Debug|Any CPU
		{F317EE62-DC96-4867-A7F7-943C16EE18AB}.Debug|Any CPU.Build.0 = Debug|Any CPU
		{F317EE62-DC96-4867-A7F7-943C16EE18AB}.Release|Any CPU.ActiveCfg = Release|Any CPU
		{F317EE62-DC96-4867-A7F7-943C16EE18AB}.Release|Any CPU.Build.0 = Release|Any CPU
	EndGlobalSection
	GlobalSection(SolutionProperties) = preSolution
		HideSolutionNode = FALSE
	EndGlobalSection
	GlobalSection(ExtensibilityGlobals) = postSolution
		SolutionGuid = {147793A6-C75F-4E6D-BE27-4A9B66D2F36D}
	EndGlobalSection
EndGlobal
